
Microsoft Visual Studio Solution File, Format Version 12.00
# Visual Studio Version 17
VisualStudioVersion = 17.2.32602.215
MinimumVisualStudioVersion = 10.0.40219.1
Project("{FAE04EC0-301F-11D3-BF4B-00C04F79EFBC}") = "DirectoryApp.BusinessLogic", "DirectoryApp.BusinessLogic\DirectoryApp.BusinessLogic.csproj", "{8B82192F-A798-4A6D-B698-726AC04199A1}"
EndProject
Project("{FAE04EC0-301F-11D3-BF4B-00C04F79EFBC}") = "DirectoryApp.DataAccessLayer", "DirectoryApp.DataAccessLayer\DirectoryApp.DataAccessLayer.csproj", "{FA8417D0-90DD-47E6-BD95-7F8CEF9E7E28}"
EndProject
Project("{FAE04EC0-301F-11D3-BF4B-00C04F79EFBC}") = "DirectoryApp.TestApplication", "DirectoryApp.TestApplication\DirectoryApp.TestApplication.csproj", "{4CF3D616-E2DF-4B5C-95F2-2BD9E58547FB}"
EndProject
Global
	GlobalSection(SolutionConfigurationPlatforms) = preSolution
		Debug|Any CPU = Debug|Any CPU
		Release|Any CPU = Release|Any CPU
	EndGlobalSection
	GlobalSection(ProjectConfigurationPlatforms) = postSolution
		{8B82192F-A798-4A6D-B698-726AC04199A1}.Debug|Any CPU.ActiveCfg = Debug|Any CPU
		{8B82192F-A798-4A6D-B698-726AC04199A1}.Debug|Any CPU.Build.0 = Debug|Any CPU
		{8B82192F-A798-4A6D-B698-726AC04199A1}.Release|Any CPU.ActiveCfg = Release|Any CPU
		{8B82192F-A798-4A6D-B698-726AC04199A1}.Release|Any CPU.Build.0 = Release|Any CPU
		{FA8417D0-90DD-47E6-BD95-7F8CEF9E7E28}.Debug|Any CPU.ActiveCfg = Debug|Any CPU
		{FA8417D0-90DD-47E6-BD95-7F8CEF9E7E28}.Debug|Any CPU.Build.0 = Debug|Any CPU
		{FA8417D0-90DD-47E6-BD95-7F8CEF9E7E28}.Release|Any CPU.ActiveCfg = Release|Any CPU
		{FA8417D0-90DD-47E6-BD95-7F8CEF9E7E28}.Release|Any CPU.Build.0 = Release|Any CPU
		{4CF3D616-E2DF-4B5C-95F2-2BD9E58547FB}.Debug|Any CPU.ActiveCfg = Debug|Any CPU
		{4CF3D616-E2DF-4B5C-95F2-2BD9E58547FB}.Debug|Any CPU.Build.0 = Debug|Any CPU
		{4CF3D616-E2DF-4B5C-95F2-2BD9E58547FB}.Release|Any CPU.ActiveCfg = Release|Any CPU
		{4CF3D616-E2DF-4B5C-95F2-2BD9E58547FB}.Release|Any CPU.Build.0 = Release|Any CPU
	EndGlobalSection
	GlobalSection(SolutionProperties) = preSolution
		HideSolutionNode = FALSE
	EndGlobalSection
	GlobalSection(ExtensibilityGlobals) = postSolution
		SolutionGuid = {39B7C42F-92EE-4977-8EBE-2F8C1AE38E0E}
	EndGlobalSection
EndGlobal
